<?xml version="1.0" encoding="utf-8"?>
<Project ToolsVersion="4.0" xmlns="http://schemas.microsoft.com/developer/msbuild/2003">
  <ItemGroup>
    <Filter Include="소스 파일">
      <UniqueIdentifier>{4FC737F1-C7A5-4376-A066-2A32D752A2FF}</UniqueIdentifier>
      <Extensions>cpp;c;cc;cxx;c++;cppm;ixx;def;odl;idl;hpj;bat;asm;asmx</Extensions>
    </Filter>
    <Filter Include="헤더 파일">
      <UniqueIdentifier>{93995380-89BD-4b04-88EB-625FBE52EBFB}</UniqueIdentifier>
      <Extensions>h;hh;hpp;hxx;h++;hm;inl;inc;ipp;xsd</Extensions>
    </Filter>
    <Filter Include="리소스 파일">
      <UniqueIdentifier>{67DA6AB6-F800-4c08-8B7A-83BB121AAD01}</UniqueIdentifier>
      <Extensions>rc;ico;cur;bmp;dlg;rc2;rct;bin;rgs;gif;jpg;jpeg;jpe;resx;tiff;tif;png;wav;mfcribbon-ms</Extensions>
    </Filter>
    <Filter Include="리소스 파일\Shader">
      <UniqueIdentifier>{c6f4fa5e-333d-4361-88ab-f3e21ac05177}</UniqueIdentifier>
    </Filter>
    <Filter Include="소스 파일\Chapter">
      <UniqueIdentifier>{345dd2b4-7ce5-40b1-bee3-15cf36e7e6bd}</UniqueIdentifier>
    </Filter>
    <Filter Include="소스 파일\Chapter\Getting_Started">
      <UniqueIdentifier>{8397ab8e-962c-4ccd-908b-bb1f9324febd}</UniqueIdentifier>
    </Filter>
    <Filter Include="소스 파일\Chapter\Lighting">
      <UniqueIdentifier>{94b90f3e-d98c-40db-8beb-741587117fdb}</UniqueIdentifier>
    </Filter>
    <Filter Include="리소스 파일\Shader\Light_Source">
      <UniqueIdentifier>{c4c4d479-1aa6-4ff4-bd6f-bfa8b76d309f}</UniqueIdentifier>
    </Filter>
    <Filter Include="소스 파일\Chapter\Model_Loading">
      <UniqueIdentifier>{1186af7b-1ddc-4441-875b-91b8bf3f05a2}</UniqueIdentifier>
    </Filter>
    <Filter Include="소스 파일\Class">
      <UniqueIdentifier>{b7be6910-0b18-47fc-bc1f-2d7a0e5092ff}</UniqueIdentifier>
    </Filter>
    <Filter Include="소스 파일\Class\Shader">
      <UniqueIdentifier>{53828b2a-36f8-4ecd-9e60-6cad5c512330}</UniqueIdentifier>
    </Filter>
    <Filter Include="소스 파일\Class\Mesh">
      <UniqueIdentifier>{c3e26e67-4a42-48c3-864a-6fa69e3405fb}</UniqueIdentifier>
    </Filter>
    <Filter Include="소스 파일\Class\Model">
      <UniqueIdentifier>{6723f0fe-6d36-4c8d-85f5-6bac7980a33a}</UniqueIdentifier>
    </Filter>
    <Filter Include="소스 파일\Chapter\Advanced_OpenGL">
      <UniqueIdentifier>{4758e4aa-2a04-4682-a8a7-af5b4e107ff1}</UniqueIdentifier>
    </Filter>
  </ItemGroup>
  <ItemGroup>
    <ClCompile Include="..\..\glad\src\glad.c">
      <Filter>소스 파일</Filter>
    </ClCompile>
    <ClCompile Include="camera.cpp">
      <Filter>소스 파일\Chapter\Getting_Started</Filter>
    </ClCompile>
    <ClCompile Include="coordinate.cpp">
      <Filter>소스 파일\Chapter\Getting_Started</Filter>
    </ClCompile>
    <ClCompile Include="hello.cpp">
      <Filter>소스 파일\Chapter\Getting_Started</Filter>
    </ClCompile>
    <ClCompile Include="shader.cpp">
      <Filter>소스 파일\Chapter\Getting_Started</Filter>
    </ClCompile>
    <ClCompile Include="texture.cpp">
      <Filter>소스 파일\Chapter\Getting_Started</Filter>
    </ClCompile>
    <ClCompile Include="transformations.cpp">
      <Filter>소스 파일\Chapter\Getting_Started</Filter>
    </ClCompile>
    <ClCompile Include="colors.cpp">
      <Filter>소스 파일\Chapter\Lighting</Filter>
    </ClCompile>
    <ClCompile Include="basic_lighting.cpp">
      <Filter>소스 파일\Chapter\Lighting</Filter>
    </ClCompile>
    <ClCompile Include="Materials.cpp">
      <Filter>소스 파일\Chapter\Lighting</Filter>
    </ClCompile>
    <ClCompile Include="Lighting_maps.cpp">
      <Filter>소스 파일\Chapter\Lighting</Filter>
    </ClCompile>
    <ClCompile Include="Light_casters.cpp">
      <Filter>소스 파일\Chapter\Lighting</Filter>
    </ClCompile>
    <ClCompile Include="Getting Started.cpp">
      <Filter>소스 파일\Chapter\Model_Loading</Filter>
    </ClCompile>
    <ClCompile Include="Shader_Constructor.cpp">
      <Filter>소스 파일\Class\Shader</Filter>
    </ClCompile>
    <ClCompile Include="Shader_Definition.cpp">
      <Filter>소스 파일\Class\Shader</Filter>
    </ClCompile>
    <ClCompile Include="Mesh_Definition.cpp">
      <Filter>소스 파일\Class\Mesh</Filter>
    </ClCompile>
    <ClCompile Include="Model_Definition.cpp">
      <Filter>소스 파일\Class\Model</Filter>
    </ClCompile>
    <ClCompile Include="depth_testing.cpp">
      <Filter>소스 파일\Chapter\Advanced_OpenGL</Filter>
    </ClCompile>
    <ClCompile Include="Model.cpp">
      <Filter>소스 파일\Chapter\Model_Loading</Filter>
    </ClCompile>
    <ClCompile Include="stencil_testing.cpp">
      <Filter>소스 파일\Chapter\Advanced_OpenGL</Filter>
    </ClCompile>
    <ClCompile Include="blending.cpp">
      <Filter>소스 파일\Chapter\Advanced_OpenGL</Filter>
    </ClCompile>
    <ClCompile Include="face_culling.cpp">
      <Filter>소스 파일\Chapter\Advanced_OpenGL</Filter>
    </ClCompile>
    <ClCompile Include="frame_buffers.cpp">
      <Filter>소스 파일\Chapter\Advanced_OpenGL</Filter>
    </ClCompile>
  </ItemGroup>
  <ItemGroup>
    <ClInclude Include="shader.h">
      <Filter>헤더 파일</Filter>
    </ClInclude>
    <ClInclude Include="stb_image.h">
      <Filter>헤더 파일</Filter>
    </ClInclude>
    <ClInclude Include="camera.h">
      <Filter>헤더 파일</Filter>
    </ClInclude>
    <ClInclude Include="mesh.h">
      <Filter>헤더 파일</Filter>
    </ClInclude>
    <ClInclude Include="model.h">
      <Filter>헤더 파일</Filter>
    </ClInclude>
  </ItemGroup>
  <ItemGroup>
    <None Include="shader.vs">
      <Filter>리소스 파일\Shader</Filter>
    </None>
    <None Include="lightShader.vs">
      <Filter>리소스 파일\Shader\Light_Source</Filter>
    </None>
    <None Include="depth_testing.vs">
      <Filter>리소스 파일\Shader</Filter>
    </None>
    <None Include="framebuffer.vs">
      <Filter>리소스 파일\Shader</Filter>
    </None>
  </ItemGroup>
  <ItemGroup>
    <Text Include="fs.txt">
      <Filter>리소스 파일\Shader</Filter>
    </Text>
    <Text Include="lightFs.txt">
      <Filter>리소스 파일\Shader\Light_Source</Filter>
    </Text>
    <Text Include="fs_model_loading.txt">
      <Filter>리소스 파일\Shader</Filter>
    </Text>
    <Text Include="fs_depth_testing.txt">
      <Filter>리소스 파일\Shader</Filter>
    </Text>
    <Text Include="fs_border.txt">
      <Filter>리소스 파일\Shader</Filter>
    </Text>
    <Text Include="fs_blending.txt">
      <Filter>리소스 파일\Shader</Filter>
    </Text>
    <Text Include="fs_framebuffer.txt">
      <Filter>리소스 파일\Shader</Filter>
    </Text>
  </ItemGroup>
</Project>