<?xml version="1.0" encoding="utf-8"?>
<Project ToolsVersion="4.0" xmlns="http://schemas.microsoft.com/developer/msbuild/2003">
  <ItemGroup>
    <Filter Include="소스 파일">
      <UniqueIdentifier>{4FC737F1-C7A5-4376-A066-2A32D752A2FF}</UniqueIdentifier>
      <Extensions>cpp;c;cc;cxx;c++;cppm;ixx;def;odl;idl;hpj;bat;asm;asmx</Extensions>
    </Filter>
    <Filter Include="헤더 파일">
      <UniqueIdentifier>{93995380-89BD-4b04-88EB-625FBE52EBFB}</UniqueIdentifier>
      <Extensions>h;hh;hpp;hxx;h++;hm;inl;inc;ipp;xsd</Extensions>
    </Filter>
    <Filter Include="리소스 파일">
      <UniqueIdentifier>{67DA6AB6-F800-4c08-8B7A-83BB121AAD01}</UniqueIdentifier>
      <Extensions>rc;ico;cur;bmp;dlg;rc2;rct;bin;rgs;gif;jpg;jpeg;jpe;resx;tiff;tif;png;wav;mfcribbon-ms</Extensions>
    </Filter>
    <Filter Include="리소스 파일\Shader">
      <UniqueIdentifier>{c6f4fa5e-333d-4361-88ab-f3e21ac05177}</UniqueIdentifier>
    </Filter>
    <Filter Include="소스 파일\Chapter">
      <UniqueIdentifier>{345dd2b4-7ce5-40b1-bee3-15cf36e7e6bd}</UniqueIdentifier>
    </Filter>
    <Filter Include="소스 파일\Chapter\Getting_Started">
      <UniqueIdentifier>{8397ab8e-962c-4ccd-908b-bb1f9324febd}</UniqueIdentifier>
    </Filter>
    <Filter Include="소스 파일\Chapter\Lighting">
      <UniqueIdentifier>{94b90f3e-d98c-40db-8beb-741587117fdb}</UniqueIdentifier>
    </Filter>
    <Filter Include="리소스 파일\Shader\Light_Source">
      <UniqueIdentifier>{c4c4d479-1aa6-4ff4-bd6f-bfa8b76d309f}</UniqueIdentifier>
    </Filter>
    <Filter Include="소스 파일\Chapter\Model_Loading">
      <UniqueIdentifier>{1186af7b-1ddc-4441-875b-91b8bf3f05a2}</UniqueIdentifier>
    </Filter>
    <Filter Include="소스 파일\Class">
      <UniqueIdentifier>{b7be6910-0b18-47fc-bc1f-2d7a0e5092ff}</UniqueIdentifier>
    </Filter>
    <Filter Include="소스 파일\Class\Shader">
      <UniqueIdentifier>{53828b2a-36f8-4ecd-9e60-6cad5c512330}</UniqueIdentifier>
    </Filter>
    <Filter Include="소스 파일\Class\Mesh">
      <UniqueIdentifier>{c3e26e67-4a42-48c3-864a-6fa69e3405fb}</UniqueIdentifier>
    </Filter>
    <Filter Include="소스 파일\Class\Model">
      <UniqueIdentifier>{6723f0fe-6d36-4c8d-85f5-6bac7980a33a}</UniqueIdentifier>
    </Filter>
    <Filter Include="소스 파일\Chapter\Advanced_OpenGL">
      <UniqueIdentifier>{4758e4aa-2a04-4682-a8a7-af5b4e107ff1}</UniqueIdentifier>
    </Filter>
    <Filter Include="소스 파일\Chapter\Advanced_Lighting">
      <UniqueIdentifier>{53d2f1ea-cd8d-430d-a995-606b46ef9638}</UniqueIdentifier>
    </Filter>
    <Filter Include="리소스 파일\Shader\advanced_lighting">
      <UniqueIdentifier>{35efc014-e495-4e6a-9090-f1170daf7aac}</UniqueIdentifier>
    </Filter>
    <Filter Include="리소스 파일\Shader\Shadow">
      <UniqueIdentifier>{594fc06b-9c7c-4a5e-b0b4-91faf472cdc6}</UniqueIdentifier>
    </Filter>
    <Filter Include="소스 파일\Chapter\PBR">
      <UniqueIdentifier>{95335d7c-8476-43f0-8fa2-b6f2371c4d98}</UniqueIdentifier>
    </Filter>
    <Filter Include="리소스 파일\Shader\PBR">
      <UniqueIdentifier>{1f08568a-00f2-4b8b-ab54-168ff952bd5b}</UniqueIdentifier>
    </Filter>
    <Filter Include="소스 파일\Chapter\In_Practice">
      <UniqueIdentifier>{178e45d2-e380-40c7-9aca-8c5576f48e73}</UniqueIdentifier>
    </Filter>
  </ItemGroup>
  <ItemGroup>
    <ClCompile Include="..\..\glad\src\glad.c">
      <Filter>소스 파일</Filter>
    </ClCompile>
    <ClCompile Include="camera.cpp">
      <Filter>소스 파일\Chapter\Getting_Started</Filter>
    </ClCompile>
    <ClCompile Include="coordinate.cpp">
      <Filter>소스 파일\Chapter\Getting_Started</Filter>
    </ClCompile>
    <ClCompile Include="hello.cpp">
      <Filter>소스 파일\Chapter\Getting_Started</Filter>
    </ClCompile>
    <ClCompile Include="shader.cpp">
      <Filter>소스 파일\Chapter\Getting_Started</Filter>
    </ClCompile>
    <ClCompile Include="texture.cpp">
      <Filter>소스 파일\Chapter\Getting_Started</Filter>
    </ClCompile>
    <ClCompile Include="transformations.cpp">
      <Filter>소스 파일\Chapter\Getting_Started</Filter>
    </ClCompile>
    <ClCompile Include="colors.cpp">
      <Filter>소스 파일\Chapter\Lighting</Filter>
    </ClCompile>
    <ClCompile Include="basic_lighting.cpp">
      <Filter>소스 파일\Chapter\Lighting</Filter>
    </ClCompile>
    <ClCompile Include="Materials.cpp">
      <Filter>소스 파일\Chapter\Lighting</Filter>
    </ClCompile>
    <ClCompile Include="Lighting_maps.cpp">
      <Filter>소스 파일\Chapter\Lighting</Filter>
    </ClCompile>
    <ClCompile Include="Light_casters.cpp">
      <Filter>소스 파일\Chapter\Lighting</Filter>
    </ClCompile>
    <ClCompile Include="Getting Started.cpp">
      <Filter>소스 파일\Chapter\Model_Loading</Filter>
    </ClCompile>
    <ClCompile Include="Shader_Constructor.cpp">
      <Filter>소스 파일\Class\Shader</Filter>
    </ClCompile>
    <ClCompile Include="Shader_Definition.cpp">
      <Filter>소스 파일\Class\Shader</Filter>
    </ClCompile>
    <ClCompile Include="Mesh_Definition.cpp">
      <Filter>소스 파일\Class\Mesh</Filter>
    </ClCompile>
    <ClCompile Include="Model_Definition.cpp">
      <Filter>소스 파일\Class\Model</Filter>
    </ClCompile>
    <ClCompile Include="depth_testing.cpp">
      <Filter>소스 파일\Chapter\Advanced_OpenGL</Filter>
    </ClCompile>
    <ClCompile Include="Model.cpp">
      <Filter>소스 파일\Chapter\Model_Loading</Filter>
    </ClCompile>
    <ClCompile Include="stencil_testing.cpp">
      <Filter>소스 파일\Chapter\Advanced_OpenGL</Filter>
    </ClCompile>
    <ClCompile Include="blending.cpp">
      <Filter>소스 파일\Chapter\Advanced_OpenGL</Filter>
    </ClCompile>
    <ClCompile Include="face_culling.cpp">
      <Filter>소스 파일\Chapter\Advanced_OpenGL</Filter>
    </ClCompile>
    <ClCompile Include="frame_buffers.cpp">
      <Filter>소스 파일\Chapter\Advanced_OpenGL</Filter>
    </ClCompile>
    <ClCompile Include="Cubemaps.cpp">
      <Filter>소스 파일\Chapter\Advanced_OpenGL</Filter>
    </ClCompile>
    <ClCompile Include="AdvancedGLSL.cpp">
      <Filter>소스 파일\Chapter\Advanced_OpenGL</Filter>
    </ClCompile>
    <ClCompile Include="advancedGLSL_ubo.cpp">
      <Filter>소스 파일\Chapter\Advanced_OpenGL</Filter>
    </ClCompile>
    <ClCompile Include="geometry_shader.cpp">
      <Filter>소스 파일\Chapter\Advanced_OpenGL</Filter>
    </ClCompile>
    <ClCompile Include="geometry_shader_explode.cpp">
      <Filter>소스 파일\Chapter\Advanced_OpenGL</Filter>
    </ClCompile>
    <ClCompile Include="Instancing.cpp">
      <Filter>소스 파일\Chapter\Advanced_OpenGL</Filter>
    </ClCompile>
    <ClCompile Include="instancing_asteroid.cpp">
      <Filter>소스 파일\Chapter\Advanced_OpenGL</Filter>
    </ClCompile>
    <ClCompile Include="anti_aliasing.cpp">
      <Filter>소스 파일\Chapter\Advanced_OpenGL</Filter>
    </ClCompile>
    <ClCompile Include="blinn_phong.cpp">
      <Filter>소스 파일\Chapter\Advanced_Lighting</Filter>
    </ClCompile>
    <ClCompile Include="gamma_correction.cpp">
      <Filter>소스 파일\Chapter\Advanced_Lighting</Filter>
    </ClCompile>
    <ClCompile Include="shadow_mapping.cpp">
      <Filter>소스 파일\Chapter\Advanced_Lighting</Filter>
    </ClCompile>
    <ClCompile Include="point_shadows.cpp">
      <Filter>소스 파일\Chapter\Advanced_Lighting</Filter>
    </ClCompile>
    <ClCompile Include="normal_mapping.cpp">
      <Filter>소스 파일\Chapter\Advanced_Lighting</Filter>
    </ClCompile>
    <ClCompile Include="parallax_mapping.cpp">
      <Filter>소스 파일\Chapter\Advanced_Lighting</Filter>
    </ClCompile>
    <ClCompile Include="HDR.cpp">
      <Filter>소스 파일\Chapter\Advanced_Lighting</Filter>
    </ClCompile>
    <ClCompile Include="bloom.cpp">
      <Filter>소스 파일\Chapter\Advanced_Lighting</Filter>
    </ClCompile>
    <ClCompile Include="deferred_shading.cpp">
      <Filter>소스 파일\Chapter\Advanced_Lighting</Filter>
    </ClCompile>
    <ClCompile Include="SSAO.cpp">
      <Filter>소스 파일\Chapter\Advanced_Lighting</Filter>
    </ClCompile>
    <ClCompile Include="lighting.cpp">
      <Filter>소스 파일\Chapter\PBR</Filter>
    </ClCompile>
    <ClCompile Include="lighting_textured.cpp">
      <Filter>소스 파일\Chapter\PBR</Filter>
    </ClCompile>
    <ClCompile Include="diffuse_irradiance.cpp">
      <Filter>소스 파일\Chapter\PBR</Filter>
    </ClCompile>
    <ClCompile Include="ibl_irradiance.cpp">
      <Filter>소스 파일\Chapter\PBR</Filter>
    </ClCompile>
    <ClCompile Include="specular_IBL.cpp">
      <Filter>소스 파일\Chapter\PBR</Filter>
    </ClCompile>
    <ClCompile Include="debugging.cpp">
      <Filter>소스 파일\Chapter\In_Practice</Filter>
    </ClCompile>
    <ClCompile Include="text_rendering.cpp">
      <Filter>소스 파일\Chapter\In_Practice</Filter>
    </ClCompile>
  </ItemGroup>
  <ItemGroup>
    <ClInclude Include="shader.h">
      <Filter>헤더 파일</Filter>
    </ClInclude>
    <ClInclude Include="stb_image.h">
      <Filter>헤더 파일</Filter>
    </ClInclude>
    <ClInclude Include="camera.h">
      <Filter>헤더 파일</Filter>
    </ClInclude>
    <ClInclude Include="mesh.h">
      <Filter>헤더 파일</Filter>
    </ClInclude>
    <ClInclude Include="model.h">
      <Filter>헤더 파일</Filter>
    </ClInclude>
  </ItemGroup>
  <ItemGroup>
    <None Include="shader.vs">
      <Filter>리소스 파일\Shader</Filter>
    </None>
    <None Include="lightShader.vs">
      <Filter>리소스 파일\Shader\Light_Source</Filter>
    </None>
    <None Include="depth_testing.vs">
      <Filter>리소스 파일\Shader</Filter>
    </None>
    <None Include="framebuffer.vs">
      <Filter>리소스 파일\Shader</Filter>
    </None>
    <None Include="skybox.vs">
      <Filter>리소스 파일\Shader</Filter>
    </None>
    <None Include="reflection.vs">
      <Filter>리소스 파일\Shader</Filter>
    </None>
    <None Include="pointSize.vs">
      <Filter>리소스 파일\Shader</Filter>
    </None>
    <None Include="uniform_block.vs">
      <Filter>리소스 파일\Shader</Filter>
    </None>
    <None Include="simpleVertices.vs">
      <Filter>리소스 파일\Shader</Filter>
    </None>
    <None Include="shader_house.gs">
      <Filter>리소스 파일\Shader</Filter>
    </None>
    <None Include="pass_through.gs">
      <Filter>리소스 파일\Shader</Filter>
    </None>
    <None Include="9.geometry_shader.vs">
      <Filter>리소스 파일\Shader</Filter>
    </None>
    <None Include="9.2.explode.gs">
      <Filter>리소스 파일\Shader</Filter>
    </None>
    <None Include="9.3.normal.gs">
      <Filter>리소스 파일\Shader</Filter>
    </None>
    <None Include="Instancing.vs">
      <Filter>리소스 파일\Shader</Filter>
    </None>
    <None Include="11.aa_post.vs">
      <Filter>리소스 파일\Shader</Filter>
    </None>
    <None Include="1.advanced_lighting.vs">
      <Filter>리소스 파일\Shader\advanced_lighting</Filter>
    </None>
    <None Include="simple_depth_shader.vs">
      <Filter>리소스 파일\Shader\Shadow</Filter>
    </None>
    <None Include="depth_quad.vs">
      <Filter>리소스 파일\Shader\Shadow</Filter>
    </None>
    <None Include="3.2.1.point_shadows_depth.vs">
      <Filter>리소스 파일\Shader\Shadow</Filter>
    </None>
    <None Include="3.2.1.point_shadows_depth.gs">
      <Filter>리소스 파일\Shader\Shadow</Filter>
    </None>
    <None Include="3.1.2.shadow_mapping.vs">
      <Filter>리소스 파일\Shader\advanced_lighting</Filter>
    </None>
    <None Include="3.2.1.point_shadows.vs">
      <Filter>리소스 파일\Shader\advanced_lighting</Filter>
    </None>
    <None Include="4.normal_mapping.vs">
      <Filter>리소스 파일\Shader\advanced_lighting</Filter>
    </None>
    <None Include="5.1.parallax_mapping.vs">
      <Filter>리소스 파일\Shader\advanced_lighting</Filter>
    </None>
    <None Include="6.hdr.vs">
      <Filter>리소스 파일\Shader\advanced_lighting</Filter>
    </None>
    <None Include="6.lighting.vs">
      <Filter>리소스 파일\Shader\advanced_lighting</Filter>
    </None>
    <None Include="7.bloom.vs">
      <Filter>리소스 파일\Shader\advanced_lighting</Filter>
    </None>
    <None Include="7.bloom_final.vs">
      <Filter>리소스 파일\Shader\advanced_lighting</Filter>
    </None>
    <None Include="7.blur.vs">
      <Filter>리소스 파일\Shader\advanced_lighting</Filter>
    </None>
    <None Include="8.1.deferred_shading.vs">
      <Filter>리소스 파일\Shader\advanced_lighting</Filter>
    </None>
    <None Include="8.1.deferred_light_box.vs">
      <Filter>리소스 파일\Shader\advanced_lighting</Filter>
    </None>
    <None Include="8.1.g_buffer.vs">
      <Filter>리소스 파일\Shader\advanced_lighting</Filter>
    </None>
    <None Include="9.ssao_geometry.vs">
      <Filter>리소스 파일\Shader\advanced_lighting</Filter>
    </None>
    <None Include="9.ssao.vs">
      <Filter>리소스 파일\Shader\advanced_lighting</Filter>
    </None>
    <None Include="1.1.pbr.vs">
      <Filter>리소스 파일\Shader\PBR</Filter>
    </None>
    <None Include="2.1.1.pbr.vs">
      <Filter>리소스 파일\Shader\PBR</Filter>
    </None>
    <None Include="2.1.1.cubemap.vs">
      <Filter>리소스 파일\Shader\PBR</Filter>
    </None>
    <None Include="2.1.1.background.vs">
      <Filter>리소스 파일\Shader\PBR</Filter>
    </None>
    <None Include="2.2.1.brdf.vs">
      <Filter>리소스 파일\Shader\PBR</Filter>
    </None>
  </ItemGroup>
  <ItemGroup>
    <Text Include="fs.txt">
      <Filter>리소스 파일\Shader</Filter>
    </Text>
    <Text Include="lightFs.txt">
      <Filter>리소스 파일\Shader\Light_Source</Filter>
    </Text>
    <Text Include="fs_model_loading.txt">
      <Filter>리소스 파일\Shader</Filter>
    </Text>
    <Text Include="fs_depth_testing.txt">
      <Filter>리소스 파일\Shader</Filter>
    </Text>
    <Text Include="fs_border.txt">
      <Filter>리소스 파일\Shader</Filter>
    </Text>
    <Text Include="fs_blending.txt">
      <Filter>리소스 파일\Shader</Filter>
    </Text>
    <Text Include="fs_framebuffer.txt">
      <Filter>리소스 파일\Shader</Filter>
    </Text>
    <Text Include="fs_framebuffer_kernel.txt">
      <Filter>리소스 파일\Shader</Filter>
    </Text>
    <Text Include="fs_skybox.txt">
      <Filter>리소스 파일\Shader</Filter>
    </Text>
    <Text Include="fs_reflection.txt">
      <Filter>리소스 파일\Shader</Filter>
    </Text>
    <Text Include="fs_FragCoord.txt">
      <Filter>리소스 파일\Shader</Filter>
    </Text>
    <Text Include="8.red.txt">
      <Filter>리소스 파일\Shader</Filter>
    </Text>
    <Text Include="8.green.txt">
      <Filter>리소스 파일\Shader</Filter>
    </Text>
    <Text Include="8.yellow.txt">
      <Filter>리소스 파일\Shader</Filter>
    </Text>
    <Text Include="8.blue.txt">
      <Filter>리소스 파일\Shader</Filter>
    </Text>
    <Text Include="9.geometry_fs.txt">
      <Filter>리소스 파일\Shader</Filter>
    </Text>
    <Text Include="9.3.normal_fs.txt">
      <Filter>리소스 파일\Shader</Filter>
    </Text>
    <Text Include="Instancing_fs.txt">
      <Filter>리소스 파일\Shader</Filter>
    </Text>
    <Text Include="11.aa_post_fs.txt">
      <Filter>리소스 파일\Shader</Filter>
    </Text>
    <Text Include="1.advanced_lighting_fs.txt">
      <Filter>리소스 파일\Shader\advanced_lighting</Filter>
    </Text>
    <Text Include="simple_depth_fs.txt">
      <Filter>리소스 파일\Shader\Shadow</Filter>
    </Text>
    <Text Include="depth_quad_fs.txt">
      <Filter>리소스 파일\Shader\Shadow</Filter>
    </Text>
    <Text Include="3.2.1.point_shadows_depth_fs.txt">
      <Filter>리소스 파일\Shader\Shadow</Filter>
    </Text>
    <Text Include="5.1.parallax_mapping_fs.txt">
      <Filter>리소스 파일\Shader\Shadow</Filter>
    </Text>
    <Text Include="3.1.2.shadow_mapping_fs.txt">
      <Filter>리소스 파일\Shader\advanced_lighting</Filter>
    </Text>
    <Text Include="3.2.1.point_shadows_fs.txt">
      <Filter>리소스 파일\Shader\advanced_lighting</Filter>
    </Text>
    <Text Include="3.3.normal_mapping_fs.txt">
      <Filter>리소스 파일\Shader\advanced_lighting</Filter>
    </Text>
    <Text Include="4.normal_mapping_fs.txt">
      <Filter>리소스 파일\Shader\advanced_lighting</Filter>
    </Text>
    <Text Include="6.hdr_fs.txt">
      <Filter>리소스 파일\Shader\advanced_lighting</Filter>
    </Text>
    <Text Include="6.lighting_fs.txt">
      <Filter>리소스 파일\Shader\advanced_lighting</Filter>
    </Text>
    <Text Include="7.bloom_final_fs.txt">
      <Filter>리소스 파일\Shader\advanced_lighting</Filter>
    </Text>
    <Text Include="7.bloom_fs.txt">
      <Filter>리소스 파일\Shader\advanced_lighting</Filter>
    </Text>
    <Text Include="7.blur_fs.txt">
      <Filter>리소스 파일\Shader\advanced_lighting</Filter>
    </Text>
    <Text Include="7.light_box_fs.txt">
      <Filter>리소스 파일\Shader\advanced_lighting</Filter>
    </Text>
    <Text Include="8.1.g_buffer_fs.txt">
      <Filter>리소스 파일\Shader\advanced_lighting</Filter>
    </Text>
    <Text Include="8.1.deferred_shading_fs.txt">
      <Filter>리소스 파일\Shader\advanced_lighting</Filter>
    </Text>
    <Text Include="8.1.deferred_light_box_fs.txt">
      <Filter>리소스 파일\Shader\advanced_lighting</Filter>
    </Text>
    <Text Include="8.2.deferred_shading_fs.txt">
      <Filter>리소스 파일\Shader\advanced_lighting</Filter>
    </Text>
    <Text Include="9.ssao_fs.txt">
      <Filter>리소스 파일\Shader\advanced_lighting</Filter>
    </Text>
    <Text Include="9.ssao_blur_fs.txt">
      <Filter>리소스 파일\Shader\advanced_lighting</Filter>
    </Text>
    <Text Include="9.ssao_geometry_fs.txt">
      <Filter>리소스 파일\Shader\advanced_lighting</Filter>
    </Text>
    <Text Include="9.ssao_lighting_fs.txt">
      <Filter>리소스 파일\Shader\advanced_lighting</Filter>
    </Text>
    <Text Include="1.1.pbr_fs.txt">
      <Filter>리소스 파일\Shader\PBR</Filter>
    </Text>
    <Text Include="1.2.pbr_fs.txt">
      <Filter>리소스 파일\Shader\PBR</Filter>
    </Text>
    <Text Include="2.1.1.pbr_fs.txt">
      <Filter>리소스 파일\Shader\PBR</Filter>
    </Text>
    <Text Include="2.1.1.equirectangular_to_cubemap_fs.txt">
      <Filter>리소스 파일\Shader\PBR</Filter>
    </Text>
    <Text Include="2.1.1.background_fs.txt">
      <Filter>리소스 파일\Shader\PBR</Filter>
    </Text>
    <Text Include="2.1.2.pbr_fs.txt">
      <Filter>리소스 파일\Shader\PBR</Filter>
    </Text>
    <Text Include="2.1.2.irradiance_convolution_fs.txt">
      <Filter>리소스 파일\Shader\PBR</Filter>
    </Text>
    <Text Include="2.2.1.pre_filter_fs.txt">
      <Filter>리소스 파일\Shader\PBR</Filter>
    </Text>
    <Text Include="2.2.1.pbr_fs.txt">
      <Filter>리소스 파일\Shader\PBR</Filter>
    </Text>
    <Text Include="2.2.1.brdf_fs.txt">
      <Filter>리소스 파일\Shader\PBR</Filter>
    </Text>
  </ItemGroup>
</Project>